Microsoft Visual Studio Solution File, Format Version 12.00
# Visual Studio Version 18
VisualStudioVersion = 18.1.11312.151
MinimumVisualStudioVersion = 10.0.40219.1
Project("{2150E333-8FDC-42A3-9474-1A3956D46DE8}") = "src", "src", "{827E0CD3-B72D-47B6-A68D-7590B98EB39B}"
EndProject
Project("{FAE04EC0-301F-11D3-BF4B-00C04F79EFBC}") = "Skojjt.Core", "src\Skojjt.Core\Skojjt.Core.csproj", "{8536D56D-E40E-4609-961B-A2910D042B9B}"
EndProject
Project("{FAE04EC0-301F-11D3-BF4B-00C04F79EFBC}") = "Skojjt.Shared", "src\Skojjt.Shared\Skojjt.Shared.csproj", "{69B9BF14-115B-4984-B4B6-05041FD287E2}"
EndProject
Project("{FAE04EC0-301F-11D3-BF4B-00C04F79EFBC}") = "Skojjt.Infrastructure", "src\Skojjt.Infrastructure\Skojjt.Infrastructure.csproj", "{910E9F6D-676A-4DDB-8C50-FEBA8391BD40}"
EndProject
Project("{FAE04EC0-301F-11D3-BF4B-00C04F79EFBC}") = "Skojjt.Web", "src\Skojjt.Web\Skojjt.Web.csproj", "{A8BA7E65-6349-436B-B9CE-F33A4D61728D}"
EndProject
Project("{2150E333-8FDC-42A3-9474-1A3956D46DE8}") = "tests", "tests", "{0AB3BF05-4346-4AA6-1389-037BE0695223}"
EndProject
Project("{FAE04EC0-301F-11D3-BF4B-00C04F79EFBC}") = "Skojjt.Core.Tests", "tests\Skojjt.Core.Tests\Skojjt.Core.Tests.csproj", "{BA41F2F8-1463-4B80-81A5-22F5130FCADC}"
EndProject
Project("{FAE04EC0-301F-11D3-BF4B-00C04F79EFBC}") = "Skojjt.Infrastructure.Tests", "tests\Skojjt.Infrastructure.Tests\Skojjt.Infrastructure.Tests.csproj", "{2E22A0D8-3357-48D9-92EE-CEADC53DA467}"
EndProject
Project("{FAE04EC0-301F-11D3-BF4B-00C04F79EFBC}") = "Skojjt.Web.Tests", "tests\Skojjt.Web.Tests\Skojjt.Web.Tests.csproj", "{261B1F8F-758C-4B0A-BDC0-A8627247BE76}"
EndProject
Project("{2150E333-8FDC-42A3-9474-1A3956D46DE8}") = "docs", "docs", "{DBF4A822-29D9-4502-9AB3-94F5640EBD0C}"
	ProjectSection(SolutionItems) = preProject
		docs\database-er-diagram.md = docs\database-er-diagram.md
		docs\DATABASE.md = docs\DATABASE.md
		docs\idea.txt = docs\idea.txt
		docs\idea2.txt = docs\idea2.txt
		docs\Idea3.txt = docs\Idea3.txt
		docs\Idea4.txt = docs\Idea4.txt
		docs\Idea5.txt = docs\Idea5.txt
		docs\PRD-skojjt-refactor.md = docs\PRD-skojjt-refactor.md
		docs\ScoutID-Authentication.md = docs\ScoutID-Authentication.md
		TODO.md = TODO.md
	EndProjectSection
EndProject
Project("{2150E333-8FDC-42A3-9474-1A3956D46DE8}") = "scripts", "scripts", "{2FEEB59F-7986-4058-8CAB-4B85A71C3871}"
EndProject
Project("{888888A0-9F3D-457C-B088-3A5042F75D52}") = "migration", "scripts\migration\migration.pyproj", "{B8D74F54-B71D-465B-932F-842B3E31EA62}"
EndProject
Project("{888888A0-9F3D-457C-B088-3A5042F75D52}") = "skojjt", "v1\skojjt.pyproj", "{B9F34766-FB60-4EA6-BF80-0666118661B9}"
EndProject
Project("{2150E333-8FDC-42A3-9474-1A3956D46DE8}") = "v1", "v1", "{3D911D84-B103-4638-A570-E294F5685DD3}"
EndProject
Project("{2150E333-8FDC-42A3-9474-1A3956D46DE8}") = "tools", "tools", "{07DAA2A5-5F13-4D3C-B1F5-ECFBE186D5CB}"
EndProject
Project("{FAE04EC0-301F-11D3-BF4B-00C04F79EFBC}") = "Skojjt.ImportTool", "tools\Skojjt.ImportTool\Skojjt.ImportTool.csproj", "{E7CFB950-AD69-4AB1-31AF-786A46E50B6C}"
EndProject
Project("{FAE04EC0-301F-11D3-BF4B-00C04F79EFBC}") = "StressTest", "StressTest\StressTest.csproj", "{36C059F0-5C1F-3744-8896-1A079E8B8A00}"
EndProject
Project("{D954291E-2A0B-460D-934E-DC6B0785DB48}") = "scoutid-keycloak-provider", "external\scoutid-keycloak-provider.shproj", "{86AD9E57-1B5F-426F-884A-8ECCEA5FBCAE}"
EndProject
Project("{2150E333-8FDC-42A3-9474-1A3956D46DE8}") = "external", "external", "{5BD932DC-2480-4FB6-882E-36A5AE8724D7}"
EndProject
Global
	GlobalSection(SolutionConfigurationPlatforms) = preSolution
		Debug|Any CPU = Debug|Any CPU
		Debug|x64 = Debug|x64
		Debug|x86 = Debug|x86
		Release|Any CPU = Release|Any CPU
		Release|x64 = Release|x64
		Release|x86 = Release|x86
	EndGlobalSection
	GlobalSection(ProjectConfigurationPlatforms) = postSolution
		{8536D56D-E40E-4609-961B-A2910D042B9B}.Debug|Any CPU.ActiveCfg = Debug|Any CPU
		{8536D56D-E40E-4609-961B-A2910D042B9B}.Debug|Any CPU.Build.0 = Debug|Any CPU
		{8536D56D-E40E-4609-961B-A2910D042B9B}.Debug|x64.ActiveCfg = Debug|Any CPU
		{8536D56D-E40E-4609-961B-A2910D042B9B}.Debug|x64.Build.0 = Debug|Any CPU
		{8536D56D-E40E-4609-961B-A2910D042B9B}.Debug|x86.ActiveCfg = Debug|Any CPU
		{8536D56D-E40E-4609-961B-A2910D042B9B}.Debug|x86.Build.0 = Debug|Any CPU
		{8536D56D-E40E-4609-961B-A2910D042B9B}.Release|Any CPU.ActiveCfg = Release|Any CPU
		{8536D56D-E40E-4609-961B-A2910D042B9B}.Release|Any CPU.Build.0 = Release|Any CPU
		{8536D56D-E40E-4609-961B-A2910D042B9B}.Release|x64.ActiveCfg = Release|Any CPU
		{8536D56D-E40E-4609-961B-A2910D042B9B}.Release|x64.Build.0 = Release|Any CPU
		{8536D56D-E40E-4609-961B-A2910D042B9B}.Release|x86.ActiveCfg = Release|Any CPU
		{8536D56D-E40E-4609-961B-A2910D042B9B}.Release|x86.Build.0 = Release|Any CPU
		{69B9BF14-115B-4984-B4B6-05041FD287E2}.Debug|Any CPU.ActiveCfg = Debug|Any CPU
		{69B9BF14-115B-4984-B4B6-05041FD287E2}.Debug|Any CPU.Build.0 = Debug|Any CPU
		{69B9BF14-115B-4984-B4B6-05041FD287E2}.Debug|x64.ActiveCfg = Debug|Any CPU
		{69B9BF14-115B-4984-B4B6-05041FD287E2}.Debug|x64.Build.0 = Debug|Any CPU
		{69B9BF14-115B-4984-B4B6-05041FD287E2}.Debug|x86.ActiveCfg = Debug|Any CPU
		{69B9BF14-115B-4984-B4B6-05041FD287E2}.Debug|x86.Build.0 = Debug|Any CPU
		{69B9BF14-115B-4984-B4B6-05041FD287E2}.Release|Any CPU.ActiveCfg = Release|Any CPU
		{69B9BF14-115B-4984-B4B6-05041FD287E2}.Release|Any CPU.Build.0 = Release|Any CPU
		{69B9BF14-115B-4984-B4B6-05041FD287E2}.Release|x64.ActiveCfg = Release|Any CPU
		{69B9BF14-115B-4984-B4B6-05041FD287E2}.Release|x64.Build.0 = Release|Any CPU
		{69B9BF14-115B-4984-B4B6-05041FD287E2}.Release|x86.ActiveCfg = Release|Any CPU
		{69B9BF14-115B-4984-B4B6-05041FD287E2}.Release|x86.Build.0 = Release|Any CPU
		{910E9F6D-676A-4DDB-8C50-FEBA8391BD40}.Debug|Any CPU.ActiveCfg = Debug|Any CPU
		{910E9F6D-676A-4DDB-8C50-FEBA8391BD40}.Debug|Any CPU.Build.0 = Debug|Any CPU
		{910E9F6D-676A-4DDB-8C50-FEBA8391BD40}.Debug|x64.ActiveCfg = Debug|Any CPU
		{910E9F6D-676A-4DDB-8C50-FEBA8391BD40}.Debug|x64.Build.0 = Debug|Any CPU
		{910E9F6D-676A-4DDB-8C50-FEBA8391BD40}.Debug|x86.ActiveCfg = Debug|Any CPU
		{910E9F6D-676A-4DDB-8C50-FEBA8391BD40}.Debug|x86.Build.0 = Debug|Any CPU
		{910E9F6D-676A-4DDB-8C50-FEBA8391BD40}.Release|Any CPU.ActiveCfg = Release|Any CPU
		{910E9F6D-676A-4DDB-8C50-FEBA8391BD40}.Release|Any CPU.Build.0 = Release|Any CPU
		{910E9F6D-676A-4DDB-8C50-FEBA8391BD40}.Release|x64.ActiveCfg = Release|Any CPU
		{910E9F6D-676A-4DDB-8C50-FEBA8391BD40}.Release|x64.Build.0 = Release|Any CPU
		{910E9F6D-676A-4DDB-8C50-FEBA8391BD40}.Release|x86.ActiveCfg = Release|Any CPU
		{910E9F6D-676A-4DDB-8C50-FEBA8391BD40}.Release|x86.Build.0 = Release|Any CPU
		{A8BA7E65-6349-436B-B9CE-F33A4D61728D}.Debug|Any CPU.ActiveCfg = Debug|Any CPU
		{A8BA7E65-6349-436B-B9CE-F33A4D61728D}.Debug|Any CPU.Build.0 = Debug|Any CPU
		{A8BA7E65-6349-436B-B9CE-F33A4D61728D}.Debug|x64.ActiveCfg = Debug|Any CPU
		{A8BA7E65-6349-436B-B9CE-F33A4D61728D}.Debug|x64.Build.0 = Debug|Any CPU
		{A8BA7E65-6349-436B-B9CE-F33A4D61728D}.Debug|x86.ActiveCfg = Debug|Any CPU
		{A8BA7E65-6349-436B-B9CE-F33A4D61728D}.Debug|x86.Build.0 = Debug|Any CPU
		{A8BA7E65-6349-436B-B9CE-F33A4D61728D}.Release|Any CPU.ActiveCfg = Release|Any CPU
		{A8BA7E65-6349-436B-B9CE-F33A4D61728D}.Release|Any CPU.Build.0 = Release|Any CPU
		{A8BA7E65-6349-436B-B9CE-F33A4D61728D}.Release|x64.ActiveCfg = Release|Any CPU
		{A8BA7E65-6349-436B-B9CE-F33A4D61728D}.Release|x64.Build.0 = Release|Any CPU
		{A8BA7E65-6349-436B-B9CE-F33A4D61728D}.Release|x86.ActiveCfg = Release|Any CPU
		{A8BA7E65-6349-436B-B9CE-F33A4D61728D}.Release|x86.Build.0 = Release|Any CPU
		{BA41F2F8-1463-4B80-81A5-22F5130FCADC}.Debug|Any CPU.ActiveCfg = Debug|Any CPU
		{BA41F2F8-1463-4B80-81A5-22F5130FCADC}.Debug|Any CPU.Build.0 = Debug|Any CPU
		{BA41F2F8-1463-4B80-81A5-22F5130FCADC}.Debug|x64.ActiveCfg = Debug|Any CPU
		{BA41F2F8-1463-4B80-81A5-22F5130FCADC}.Debug|x64.Build.0 = Debug|Any CPU
		{BA41F2F8-1463-4B80-81A5-22F5130FCADC}.Debug|x86.ActiveCfg = Debug|Any CPU
		{BA41F2F8-1463-4B80-81A5-22F5130FCADC}.Debug|x86.Build.0 = Debug|Any CPU
		{BA41F2F8-1463-4B80-81A5-22F5130FCADC}.Release|Any CPU.ActiveCfg = Release|Any CPU
		{BA41F2F8-1463-4B80-81A5-22F5130FCADC}.Release|Any CPU.Build.0 = Release|Any CPU
		{BA41F2F8-1463-4B80-81A5-22F5130FCADC}.Release|x64.ActiveCfg = Release|Any CPU
		{BA41F2F8-1463-4B80-81A5-22F5130FCADC}.Release|x64.Build.0 = Release|Any CPU
		{BA41F2F8-1463-4B80-81A5-22F5130FCADC}.Release|x86.ActiveCfg = Release|Any CPU
		{BA41F2F8-1463-4B80-81A5-22F5130FCADC}.Release|x86.Build.0 = Release|Any CPU
		{2E22A0D8-3357-48D9-92EE-CEADC53DA467}.Debug|Any CPU.ActiveCfg = Debug|Any CPU
		{2E22A0D8-3357-48D9-92EE-CEADC53DA467}.Debug|Any CPU.Build.0 = Debug|Any CPU
		{2E22A0D8-3357-48D9-92EE-CEADC53DA467}.Debug|x64.ActiveCfg = Debug|Any CPU
		{2E22A0D8-3357-48D9-92EE-CEADC53DA467}.Debug|x64.Build.0 = Debug|Any CPU
		{2E22A0D8-3357-48D9-92EE-CEADC53DA467}.Debug|x86.ActiveCfg = Debug|Any CPU
		{2E22A0D8-3357-48D9-92EE-CEADC53DA467}.Debug|x86.Build.0 = Debug|Any CPU
		{2E22A0D8-3357-48D9-92EE-CEADC53DA467}.Release|Any CPU.ActiveCfg = Release|Any CPU
		{2E22A0D8-3357-48D9-92EE-CEADC53DA467}.Release|Any CPU.Build.0 = Release|Any CPU
		{2E22A0D8-3357-48D9-92EE-CEADC53DA467}.Release|x64.ActiveCfg = Release|Any CPU
		{2E22A0D8-3357-48D9-92EE-CEADC53DA467}.Release|x64.Build.0 = Release|Any CPU
		{2E22A0D8-3357-48D9-92EE-CEADC53DA467}.Release|x86.ActiveCfg = Release|Any CPU
		{2E22A0D8-3357-48D9-92EE-CEADC53DA467}.Release|x86.Build.0 = Release|Any CPU
		{261B1F8F-758C-4B0A-BDC0-A8627247BE76}.Debug|Any CPU.ActiveCfg = Debug|Any CPU
		{261B1F8F-758C-4B0A-BDC0-A8627247BE76}.Debug|Any CPU.Build.0 = Debug|Any CPU
		{261B1F8F-758C-4B0A-BDC0-A8627247BE76}.Debug|x64.ActiveCfg = Debug|Any CPU
		{261B1F8F-758C-4B0A-BDC0-A8627247BE76}.Debug|x64.Build.0 = Debug|Any CPU
		{261B1F8F-758C-4B0A-BDC0-A8627247BE76}.Debug|x86.ActiveCfg = Debug|Any CPU
		{261B1F8F-758C-4B0A-BDC0-A8627247BE76}.Debug|x86.Build.0 = Debug|Any CPU
		{261B1F8F-758C-4B0A-BDC0-A8627247BE76}.Release|Any CPU.ActiveCfg = Release|Any CPU
		{261B1F8F-758C-4B0A-BDC0-A8627247BE76}.Release|Any CPU.Build.0 = Release|Any CPU
		{261B1F8F-758C-4B0A-BDC0-A8627247BE76}.Release|x64.ActiveCfg = Release|Any CPU
		{261B1F8F-758C-4B0A-BDC0-A8627247BE76}.Release|x64.Build.0 = Release|Any CPU
		{261B1F8F-758C-4B0A-BDC0-A8627247BE76}.Release|x86.ActiveCfg = Release|Any CPU
		{261B1F8F-758C-4B0A-BDC0-A8627247BE76}.Release|x86.Build.0 = Release|Any CPU
		{B8D74F54-B71D-465B-932F-842B3E31EA62}.Debug|Any CPU.ActiveCfg = Debug|Any CPU
		{B8D74F54-B71D-465B-932F-842B3E31EA62}.Debug|x64.ActiveCfg = Debug|Any CPU
		{B8D74F54-B71D-465B-932F-842B3E31EA62}.Debug|x86.ActiveCfg = Debug|Any CPU
		{B8D74F54-B71D-465B-932F-842B3E31EA62}.Release|Any CPU.ActiveCfg = Release|Any CPU
		{B8D74F54-B71D-465B-932F-842B3E31EA62}.Release|x64.ActiveCfg = Release|Any CPU
		{B8D74F54-B71D-465B-932F-842B3E31EA62}.Release|x86.ActiveCfg = Release|Any CPU
		{B9F34766-FB60-4EA6-BF80-0666118661B9}.Debug|Any CPU.ActiveCfg = Debug|Any CPU
		{B9F34766-FB60-4EA6-BF80-0666118661B9}.Debug|x64.ActiveCfg = Debug|Any CPU
		{B9F34766-FB60-4EA6-BF80-0666118661B9}.Debug|x86.ActiveCfg = Debug|Any CPU
		{B9F34766-FB60-4EA6-BF80-0666118661B9}.Release|Any CPU.ActiveCfg = Release|Any CPU
		{B9F34766-FB60-4EA6-BF80-0666118661B9}.Release|x64.ActiveCfg = Release|Any CPU
		{B9F34766-FB60-4EA6-BF80-0666118661B9}.Release|x86.ActiveCfg = Release|Any CPU
		{E7CFB950-AD69-4AB1-31AF-786A46E50B6C}.Debug|Any CPU.ActiveCfg = Debug|Any CPU
		{E7CFB950-AD69-4AB1-31AF-786A46E50B6C}.Debug|Any CPU.Build.0 = Debug|Any CPU
		{E7CFB950-AD69-4AB1-31AF-786A46E50B6C}.Debug|x64.ActiveCfg = Debug|Any CPU
		{E7CFB950-AD69-4AB1-31AF-786A46E50B6C}.Debug|x64.Build.0 = Debug|Any CPU
		{E7CFB950-AD69-4AB1-31AF-786A46E50B6C}.Debug|x86.ActiveCfg = Debug|Any CPU
		{E7CFB950-AD69-4AB1-31AF-786A46E50B6C}.Debug|x86.Build.0 = Debug|Any CPU
		{E7CFB950-AD69-4AB1-31AF-786A46E50B6C}.Release|Any CPU.ActiveCfg = Release|Any CPU
		{E7CFB950-AD69-4AB1-31AF-786A46E50B6C}.Release|Any CPU.Build.0 = Release|Any CPU
		{E7CFB950-AD69-4AB1-31AF-786A46E50B6C}.Release|x64.ActiveCfg = Release|Any CPU
		{E7CFB950-AD69-4AB1-31AF-786A46E50B6C}.Release|x64.Build.0 = Release|Any CPU
		{E7CFB950-AD69-4AB1-31AF-786A46E50B6C}.Release|x86.ActiveCfg = Release|Any CPU
		{E7CFB950-AD69-4AB1-31AF-786A46E50B6C}.Release|x86.Build.0 = Release|Any CPU
		{36C059F0-5C1F-3744-8896-1A079E8B8A00}.Debug|Any CPU.ActiveCfg = Debug|Any CPU
		{36C059F0-5C1F-3744-8896-1A079E8B8A00}.Debug|Any CPU.Build.0 = Debug|Any CPU
		{36C059F0-5C1F-3744-8896-1A079E8B8A00}.Debug|x64.ActiveCfg = Debug|Any CPU
		{36C059F0-5C1F-3744-8896-1A079E8B8A00}.Debug|x64.Build.0 = Debug|Any CPU
		{36C059F0-5C1F-3744-8896-1A079E8B8A00}.Debug|x86.ActiveCfg = Debug|Any CPU
		{36C059F0-5C1F-3744-8896-1A079E8B8A00}.Debug|x86.Build.0 = Debug|Any CPU
		{36C059F0-5C1F-3744-8896-1A079E8B8A00}.Release|Any CPU.ActiveCfg = Release|Any CPU
		{36C059F0-5C1F-3744-8896-1A079E8B8A00}.Release|Any CPU.Build.0 = Release|Any CPU
		{36C059F0-5C1F-3744-8896-1A079E8B8A00}.Release|x64.ActiveCfg = Release|Any CPU
		{36C059F0-5C1F-3744-8896-1A079E8B8A00}.Release|x64.Build.0 = Release|Any CPU
		{36C059F0-5C1F-3744-8896-1A079E8B8A00}.Release|x86.ActiveCfg = Release|Any CPU
		{36C059F0-5C1F-3744-8896-1A079E8B8A00}.Release|x86.Build.0 = Release|Any CPU
	EndGlobalSection
	GlobalSection(SolutionProperties) = preSolution
		HideSolutionNode = FALSE
	EndGlobalSection
	GlobalSection(NestedProjects) = preSolution
		{8536D56D-E40E-4609-961B-A2910D042B9B} = {827E0CD3-B72D-47B6-A68D-7590B98EB39B}
		{69B9BF14-115B-4984-B4B6-05041FD287E2} = {827E0CD3-B72D-47B6-A68D-7590B98EB39B}
		{910E9F6D-676A-4DDB-8C50-FEBA8391BD40} = {827E0CD3-B72D-47B6-A68D-7590B98EB39B}
		{A8BA7E65-6349-436B-B9CE-F33A4D61728D} = {827E0CD3-B72D-47B6-A68D-7590B98EB39B}
		{BA41F2F8-1463-4B80-81A5-22F5130FCADC} = {0AB3BF05-4346-4AA6-1389-037BE0695223}
		{2E22A0D8-3357-48D9-92EE-CEADC53DA467} = {0AB3BF05-4346-4AA6-1389-037BE0695223}
		{261B1F8F-758C-4B0A-BDC0-A8627247BE76} = {0AB3BF05-4346-4AA6-1389-037BE0695223}
		{B8D74F54-B71D-465B-932F-842B3E31EA62} = {2FEEB59F-7986-4058-8CAB-4B85A71C3871}
		{B9F34766-FB60-4EA6-BF80-0666118661B9} = {3D911D84-B103-4638-A570-E294F5685DD3}
		{E7CFB950-AD69-4AB1-31AF-786A46E50B6C} = {07DAA2A5-5F13-4D3C-B1F5-ECFBE186D5CB}
		{86AD9E57-1B5F-426F-884A-8ECCEA5FBCAE} = {5BD932DC-2480-4FB6-882E-36A5AE8724D7}
	EndGlobalSection
	GlobalSection(ExtensibilityGlobals) = postSolution
		SolutionGuid = {6E9A67A8-F76A-4077-BD53-5ABB1B7467B7}
	EndGlobalSection
	GlobalSection(SharedMSBuildProjectFiles) = preSolution
		external\scoutid-keycloak-provider.projitems*{86ad9e57-1b5f-426f-884a-8eccea5fbcae}*SharedItemsImports = 13
	EndGlobalSection
EndGlobal
